
Microsoft Visual Studio Solution File, Format Version 12.00
# Visual Studio Version 16
VisualStudioVersion = 16.0.29920.165
MinimumVisualStudioVersion = 10.0.40219.1
Project("{9A19103F-16F7-4668-BE54-9A1E7A4F7556}") = "GradeBook", "GradeBook\GradeBook.csproj", "{E2C6FD02-CE7B-41C7-A3DC-D8BB83E15E68}"
EndProject
Project("{FAE04EC0-301F-11D3-BF4B-00C04F79EFBC}") = "GradeBook.Test", "GradeBook.Test\GradeBook.Test.csproj", "{29FD732B-E281-4FF4-937D-29103287EC06}"
EndProject
Global
	GlobalSection(SolutionConfigurationPlatforms) = preSolution
		Debug|Any CPU = Debug|Any CPU
		Release|Any CPU = Release|Any CPU
	EndGlobalSection
	GlobalSection(ProjectConfigurationPlatforms) = postSolution
		{E2C6FD02-CE7B-41C7-A3DC-D8BB83E15E68}.Debug|Any CPU.ActiveCfg = Debug|Any CPU
		{E2C6FD02-CE7B-41C7-A3DC-D8BB83E15E68}.Debug|Any CPU.Build.0 = Debug|Any CPU
		{E2C6FD02-CE7B-41C7-A3DC-D8BB83E15E68}.Release|Any CPU.ActiveCfg = Release|Any CPU
		{E2C6FD02-CE7B-41C7-A3DC-D8BB83E15E68}.Release|Any CPU.Build.0 = Release|Any CPU
		{29FD732B-E281-4FF4-937D-29103287EC06}.Debug|Any CPU.ActiveCfg = Debug|Any CPU
		{29FD732B-E281-4FF4-937D-29103287EC06}.Debug|Any CPU.Build.0 = Debug|Any CPU
		{29FD732B-E281-4FF4-937D-29103287EC06}.Release|Any CPU.ActiveCfg = Release|Any CPU
		{29FD732B-E281-4FF4-937D-29103287EC06}.Release|Any CPU.Build.0 = Release|Any CPU
	EndGlobalSection
	GlobalSection(SolutionProperties) = preSolution
		HideSolutionNode = FALSE
	EndGlobalSection
	GlobalSection(ExtensibilityGlobals) = postSolution
		SolutionGuid = {9A3DFB09-8C34-4882-AFC6-37E88ADCB3DC}
	EndGlobalSection
EndGlobal
